
Microsoft Visual Studio Solution File, Format Version 12.00
# Visual Studio Version 17
VisualStudioVersion = 17.3.32929.385
MinimumVisualStudioVersion = 10.0.40219.1
Project("{FAE04EC0-301F-11D3-BF4B-00C04F79EFBC}") = "Mars", "Mars\Mars.csproj", "{049A6B54-8274-435C-A60C-E1EF945895F0}"
EndProject
Global
	GlobalSection(SolutionConfigurationPlatforms) = preSolution
		Debug|Any CPU = Debug|Any CPU
		Release|Any CPU = Release|Any CPU
	EndGlobalSection
	GlobalSection(ProjectConfigurationPlatforms) = postSolution
		{049A6B54-8274-435C-A60C-E1EF945895F0}.Debug|Any CPU.ActiveCfg = Debug|Any CPU
		{049A6B54-8274-435C-A60C-E1EF945895F0}.Debug|Any CPU.Build.0 = Debug|Any CPU
		{049A6B54-8274-435C-A60C-E1EF945895F0}.Release|Any CPU.ActiveCfg = Release|Any CPU
		{049A6B54-8274-435C-A60C-E1EF945895F0}.Release|Any CPU.Build.0 = Release|Any CPU
	EndGlobalSection
	GlobalSection(SolutionProperties) = preSolution
		HideSolutionNode = FALSE
	EndGlobalSection
	GlobalSection(ExtensibilityGlobals) = postSolution
		SolutionGuid = {378BADA2-B0AD-40BB-9262-BB5619799D11}
	EndGlobalSection
EndGlobal
