
Microsoft Visual Studio Solution File, Format Version 12.00
# Visual Studio Version 17
VisualStudioVersion = 17.3.32929.385
MinimumVisualStudioVersion = 10.0.40219.1
Project("{FAE04EC0-301F-11D3-BF4B-00C04F79EFBC}") = "projectMars", "projectMars\projectMars.csproj", "{E4F336E1-A9C6-44C4-8110-E7FB046B4774}"
EndProject
Global
	GlobalSection(SolutionConfigurationPlatforms) = preSolution
		Debug|Any CPU = Debug|Any CPU
		Release|Any CPU = Release|Any CPU
	EndGlobalSection
	GlobalSection(ProjectConfigurationPlatforms) = postSolution
		{E4F336E1-A9C6-44C4-8110-E7FB046B4774}.Debug|Any CPU.ActiveCfg = Debug|Any CPU
		{E4F336E1-A9C6-44C4-8110-E7FB046B4774}.Debug|Any CPU.Build.0 = Debug|Any CPU
		{E4F336E1-A9C6-44C4-8110-E7FB046B4774}.Release|Any CPU.ActiveCfg = Release|Any CPU
		{E4F336E1-A9C6-44C4-8110-E7FB046B4774}.Release|Any CPU.Build.0 = Release|Any CPU
	EndGlobalSection
	GlobalSection(SolutionProperties) = preSolution
		HideSolutionNode = FALSE
	EndGlobalSection
	GlobalSection(ExtensibilityGlobals) = postSolution
		SolutionGuid = {189312BD-1D53-464D-BAF4-071C08D7A986}
	EndGlobalSection
EndGlobal
